github.com/karrick/godirwalk v1.16.1 h1:DynhcF+bztK8gooS0+NDJFrdNZjJ3gzVzC545UNA9iw=
github.com/karrick/godirwalk v1.16.1/go.mod h1:j4mkqPuvaLI8mp1DroR3P6ad7cyYd4c1qeJ3RV7ULlk=
github.com/scorpionknifes/go-pcre v0.0.0-20210804155948-d225eb58af56 h1:7WzCpuShbP7/5st0QwxD0fHC3EUtKhxmgALKj+bxUCg=
github.com/scorpionknifes/go-pcre v0.0.0-20210804155948-d225eb58af56/go.mod h1:0i5ktGLlsow246snNi4S3dWexpKNHxlzscut+CzVDB8=
